// !$*UTF8*$!
{
	archiveVersion = 1;
	classes = {
	};
	objectVersion = 54;
	objects = {

/* Begin PBXBuildFile section */
		A21A8E34256F027400D0F13C /* AppDelegate.swift in Sources */ = {isa = PBXBuildFile; fileRef = A21A8E33256F027400D0F13C /* AppDelegate.swift */; };
		A21A8E38256F027400D0F13C /* ViewController.swift in Sources */ = {isa = PBXBuildFile; fileRef = A21A8E37256F027400D0F13C /* ViewController.swift */; };
		A21A8E3D256F027800D0F13C /* Assets.xcassets in Resources */ = {isa = PBXBuildFile; fileRef = A21A8E3C256F027800D0F13C /* Assets.xcassets */; };
		A21A8E40256F027800D0F13C /* LaunchScreen.storyboard in Resources */ = {isa = PBXBuildFile; fileRef = A21A8E3E256F027800D0F13C /* LaunchScreen.storyboard */; };
		A21A8E55256F075B00D0F13C /* Post.swift in Sources */ = {isa = PBXBuildFile; fileRef = A21A8E54256F075B00D0F13C /* Post.swift */; };
		A21A8E59256F099E00D0F13C /* NetworkHelpers.swift in Sources */ = {isa = PBXBuildFile; fileRef = A21A8E58256F099E00D0F13C /* NetworkHelpers.swift */; };
		A21A8E5C256F0E1100D0F13C /* URLComponentsService.swift in Sources */ = {isa = PBXBuildFile; fileRef = A21A8E5B256F0E1100D0F13C /* URLComponentsService.swift */; };
		A21A8E62256F0FAB00D0F13C /* URLServise.swift in Sources */ = {isa = PBXBuildFile; fileRef = A21A8E61256F0FAB00D0F13C /* URLServise.swift */; };
		A21A8E65256F117200D0F13C /* RequestService.swift in Sources */ = {isa = PBXBuildFile; fileRef = A21A8E64256F117200D0F13C /* RequestService.swift */; };
		A21A8E68256F11E200D0F13C /* DataTaskService.swift in Sources */ = {isa = PBXBuildFile; fileRef = A21A8E67256F11E200D0F13C /* DataTaskService.swift */; };
		A21A8E6B256F126000D0F13C /* BackendError.swift in Sources */ = {isa = PBXBuildFile; fileRef = A21A8E6A256F126000D0F13C /* BackendError.swift */; };
		A21A8E6E256F171300D0F13C /* GETService.swift in Sources */ = {isa = PBXBuildFile; fileRef = A21A8E6D256F171300D0F13C /* GETService.swift */; };
		A21A8E71256F191200D0F13C /* NetworkService.swift in Sources */ = {isa = PBXBuildFile; fileRef = A21A8E70256F191200D0F13C /* NetworkService.swift */; };
/* End PBXBuildFile section */

/* Begin PBXFileReference section */
		A21A8E30256F027400D0F13C /* Pikabu.app */ = {isa = PBXFileReference; explicitFileType = wrapper.application; includeInIndex = 0; path = Pikabu.app; sourceTree = BUILT_PRODUCTS_DIR; };
		A21A8E33256F027400D0F13C /* AppDelegate.swift */ = {isa = PBXFileReference; lastKnownFileType = sourcecode.swift; path = AppDelegate.swift; sourceTree = "<group>"; };
		A21A8E37256F027400D0F13C /* ViewController.swift */ = {isa = PBXFileReference; lastKnownFileType = sourcecode.swift; path = ViewController.swift; sourceTree = "<group>"; };
		A21A8E3C256F027800D0F13C /* Assets.xcassets */ = {isa = PBXFileReference; lastKnownFileType = folder.assetcatalog; path = Assets.xcassets; sourceTree = "<group>"; };
		A21A8E3F256F027800D0F13C /* Base */ = {isa = PBXFileReference; lastKnownFileType = file.storyboard; name = Base; path = Base.lproj/LaunchScreen.storyboard; sourceTree = "<group>"; };
		A21A8E41256F027800D0F13C /* Info.plist */ = {isa = PBXFileReference; lastKnownFileType = text.plist.xml; path = Info.plist; sourceTree = "<group>"; };
		A21A8E54256F075B00D0F13C /* Post.swift */ = {isa = PBXFileReference; lastKnownFileType = sourcecode.swift; path = Post.swift; sourceTree = "<group>"; };
		A21A8E58256F099E00D0F13C /* NetworkHelpers.swift */ = {isa = PBXFileReference; lastKnownFileType = sourcecode.swift; path = NetworkHelpers.swift; sourceTree = "<group>"; };
		A21A8E5B256F0E1100D0F13C /* URLComponentsService.swift */ = {isa = PBXFileReference; lastKnownFileType = sourcecode.swift; path = URLComponentsService.swift; sourceTree = "<group>"; };
		A21A8E61256F0FAB00D0F13C /* URLServise.swift */ = {isa = PBXFileReference; lastKnownFileType = sourcecode.swift; path = URLServise.swift; sourceTree = "<group>"; };
		A21A8E64256F117200D0F13C /* RequestService.swift */ = {isa = PBXFileReference; lastKnownFileType = sourcecode.swift; path = RequestService.swift; sourceTree = "<group>"; };
		A21A8E67256F11E200D0F13C /* DataTaskService.swift */ = {isa = PBXFileReference; lastKnownFileType = sourcecode.swift; path = DataTaskService.swift; sourceTree = "<group>"; };
		A21A8E6A256F126000D0F13C /* BackendError.swift */ = {isa = PBXFileReference; lastKnownFileType = sourcecode.swift; path = BackendError.swift; sourceTree = "<group>"; };
		A21A8E6D256F171300D0F13C /* GETService.swift */ = {isa = PBXFileReference; lastKnownFileType = sourcecode.swift; path = GETService.swift; sourceTree = "<group>"; };
		A21A8E70256F191200D0F13C /* NetworkService.swift */ = {isa = PBXFileReference; lastKnownFileType = sourcecode.swift; path = NetworkService.swift; sourceTree = "<group>"; };
/* End PBXFileReference section */

/* Begin PBXFrameworksBuildPhase section */
		A21A8E2D256F027400D0F13C /* Frameworks */ = {
			isa = PBXFrameworksBuildPhase;
			buildActionMask = 2147483647;
			files = (
			);
			runOnlyForDeploymentPostprocessing = 0;
		};
/* End PBXFrameworksBuildPhase section */

/* Begin PBXGroup section */
		A21A8E27256F027300D0F13C = {
			isa = PBXGroup;
			children = (
				A21A8E32256F027400D0F13C /* Pikabu */,
				A21A8E31256F027400D0F13C /* Products */,
			);
			sourceTree = "<group>";
		};
		A21A8E31256F027400D0F13C /* Products */ = {
			isa = PBXGroup;
			children = (
				A21A8E30256F027400D0F13C /* Pikabu.app */,
			);
			name = Products;
			sourceTree = "<group>";
		};
		A21A8E32256F027400D0F13C /* Pikabu */ = {
			isa = PBXGroup;
			children = (
				A21A8E4B256F051400D0F13C /* Helpers */,
				A21A8E33256F027400D0F13C /* AppDelegate.swift */,
				A21A8E37256F027400D0F13C /* ViewController.swift */,
				A21A8E5F256F0E4000D0F13C /* Networking */,
				A21A8E53256F074800D0F13C /* Model */,
				A21A8E4C256F052E00D0F13C /* Resources */,
				A21A8E4D256F054F00D0F13C /* SupportingFiles */,
			);
			path = Pikabu;
			sourceTree = "<group>";
		};
		A21A8E4B256F051400D0F13C /* Helpers */ = {
			isa = PBXGroup;
			children = (
			);
			path = Helpers;
			sourceTree = "<group>";
		};
		A21A8E4C256F052E00D0F13C /* Resources */ = {
			isa = PBXGroup;
			children = (
				A21A8E3C256F027800D0F13C /* Assets.xcassets */,
			);
			path = Resources;
			sourceTree = "<group>";
		};
		A21A8E4D256F054F00D0F13C /* SupportingFiles */ = {
			isa = PBXGroup;
			children = (
				A21A8E3E256F027800D0F13C /* LaunchScreen.storyboard */,
				A21A8E41256F027800D0F13C /* Info.plist */,
			);
			path = SupportingFiles;
			sourceTree = "<group>";
		};
		A21A8E53256F074800D0F13C /* Model */ = {
			isa = PBXGroup;
			children = (
				A21A8E54256F075B00D0F13C /* Post.swift */,
			);
			path = Model;
			sourceTree = "<group>";
		};
		A21A8E5F256F0E4000D0F13C /* Networking */ = {
			isa = PBXGroup;
			children = (
				A21A8E70256F191200D0F13C /* NetworkService.swift */,
				A21A8E5B256F0E1100D0F13C /* URLComponentsService.swift */,
				A21A8E61256F0FAB00D0F13C /* URLServise.swift */,
				A21A8E64256F117200D0F13C /* RequestService.swift */,
				A21A8E67256F11E200D0F13C /* DataTaskService.swift */,
				A21A8E6D256F171300D0F13C /* GETService.swift */,
				A21A8E58256F099E00D0F13C /* NetworkHelpers.swift */,
				A21A8E6A256F126000D0F13C /* BackendError.swift */,
			);
			name = Networking;
			sourceTree = "<group>";
		};
/* End PBXGroup section */

/* Begin PBXNativeTarget section */
		A21A8E2F256F027400D0F13C /* Pikabu */ = {
			isa = PBXNativeTarget;
			buildConfigurationList = A21A8E44256F027800D0F13C /* Build configuration list for PBXNativeTarget "Pikabu" */;
			buildPhases = (
				A21A8E2C256F027400D0F13C /* Sources */,
				A21A8E2D256F027400D0F13C /* Frameworks */,
				A21A8E2E256F027400D0F13C /* Resources */,
			);
			buildRules = (
			);
			dependencies = (
			);
			name = Pikabu;
			productName = Pikabu;
			productReference = A21A8E30256F027400D0F13C /* Pikabu.app */;
			productType = "com.apple.product-type.application";
		};
/* End PBXNativeTarget section */

/* Begin PBXProject section */
		A21A8E28256F027300D0F13C /* Project object */ = {
			isa = PBXProject;
			attributes = {
				LastSwiftUpdateCheck = 1220;
				LastUpgradeCheck = 1220;
				TargetAttributes = {
					A21A8E2F256F027400D0F13C = {
						CreatedOnToolsVersion = 12.2;
					};
				};
			};
			buildConfigurationList = A21A8E2B256F027400D0F13C /* Build configuration list for PBXProject "Pikabu" */;
			compatibilityVersion = "Xcode 12.0";
			developmentRegion = en;
			hasScannedForEncodings = 0;
			knownRegions = (
				en,
				Base,
			);
			mainGroup = A21A8E27256F027300D0F13C;
			productRefGroup = A21A8E31256F027400D0F13C /* Products */;
			projectDirPath = "";
			projectRoot = "";
			targets = (
				A21A8E2F256F027400D0F13C /* Pikabu */,
			);
		};
/* End PBXProject section */

/* Begin PBXResourcesBuildPhase section */
		A21A8E2E256F027400D0F13C /* Resources */ = {
			isa = PBXResourcesBuildPhase;
			buildActionMask = 2147483647;
			files = (
				A21A8E40256F027800D0F13C /* LaunchScreen.storyboard in Resources */,
				A21A8E3D256F027800D0F13C /* Assets.xcassets in Resources */,
			);
			runOnlyForDeploymentPostprocessing = 0;
		};
/* End PBXResourcesBuildPhase section */

/* Begin PBXSourcesBuildPhase section */
		A21A8E2C256F027400D0F13C /* Sources */ = {
			isa = PBXSourcesBuildPhase;
			buildActionMask = 2147483647;
			files = (
				A21A8E71256F191200D0F13C /* NetworkService.swift in Sources */,
				A21A8E6E256F171300D0F13C /* GETService.swift in Sources */,
				A21A8E6B256F126000D0F13C /* BackendError.swift in Sources */,
				A21A8E65256F117200D0F13C /* RequestService.swift in Sources */,
				A21A8E55256F075B00D0F13C /* Post.swift in Sources */,
				A21A8E62256F0FAB00D0F13C /* URLServise.swift in Sources */,
				A21A8E38256F027400D0F13C /* ViewController.swift in Sources */,
				A21A8E59256F099E00D0F13C /* NetworkHelpers.swift in Sources */,
				A21A8E5C256F0E1100D0F13C /* URLComponentsService.swift in Sources */,
				A21A8E68256F11E200D0F13C /* DataTaskService.swift in Sources */,
				A21A8E34256F027400D0F13C /* AppDelegate.swift in Sources */,
			);
			runOnlyForDeploymentPostprocessing = 0;
		};
/* End PBXSourcesBuildPhase section */

/* Begin PBXVariantGroup section */
		A21A8E3E256F027800D0F13C /* LaunchScreen.storyboard */ = {
			isa = PBXVariantGroup;
			children = (
				A21A8E3F256F027800D0F13C /* Base */,
			);
			name = LaunchScreen.storyboard;
			sourceTree = "<group>";
		};
/* End PBXVariantGroup section */

/* Begin XCBuildConfiguration section */
		A21A8E42256F027800D0F13C /* Debug */ = {
			isa = XCBuildConfiguration;
			buildSettings = {
				ALWAYS_SEARCH_USER_PATHS = NO;
				CLANG_ANALYZER_NONNULL = YES;
				CLANG_ANALYZER_NUMBER_OBJECT_CONVERSION = YES_AGGRESSIVE;
				CLANG_CXX_LANGUAGE_STANDARD = "gnu++14";
				CLANG_CXX_LIBRARY = "libc++";
				CLANG_ENABLE_MODULES = YES;
				CLANG_ENABLE_OBJC_ARC = YES;
				CLANG_ENABLE_OBJC_WEAK = YES;
				CLANG_WARN_BLOCK_CAPTURE_AUTORELEASING = YES;
				CLANG_WARN_BOOL_CONVERSION = YES;
				CLANG_WARN_COMMA = YES;
				CLANG_WARN_CONSTANT_CONVERSION = YES;
				CLANG_WARN_DEPRECATED_OBJC_IMPLEMENTATIONS = YES;
				CLANG_WARN_DIRECT_OBJC_ISA_USAGE = YES_ERROR;
				CLANG_WARN_DOCUMENTATION_COMMENTS = YES;
				CLANG_WARN_EMPTY_BODY = YES;
				CLANG_WARN_ENUM_CONVERSION = YES;
				CLANG_WARN_INFINITE_RECURSION = YES;
				CLANG_WARN_INT_CONVERSION = YES;
				CLANG_WARN_NON_LITERAL_NULL_CONVERSION = YES;
				CLANG_WARN_OBJC_IMPLICIT_RETAIN_SELF = YES;
				CLANG_WARN_OBJC_LITERAL_CONVERSION = YES;
				CLANG_WARN_OBJC_ROOT_CLASS = YES_ERROR;
				CLANG_WARN_QUOTED_INCLUDE_IN_FRAMEWORK_HEADER = YES;
				CLANG_WARN_RANGE_LOOP_ANALYSIS = YES;
				CLANG_WARN_STRICT_PROTOTYPES = YES;
				CLANG_WARN_SUSPICIOUS_MOVE = YES;
				CLANG_WARN_UNGUARDED_AVAILABILITY = YES_AGGRESSIVE;
				CLANG_WARN_UNREACHABLE_CODE = YES;
				CLANG_WARN__DUPLICATE_METHOD_MATCH = YES;
				COPY_PHASE_STRIP = NO;
				DEBUG_INFORMATION_FORMAT = dwarf;
				ENABLE_STRICT_OBJC_MSGSEND = YES;
				ENABLE_TESTABILITY = YES;
				GCC_C_LANGUAGE_STANDARD = gnu11;
				GCC_DYNAMIC_NO_PIC = NO;
				GCC_NO_COMMON_BLOCKS = YES;
				GCC_OPTIMIZATION_LEVEL = 0;
				GCC_PREPROCESSOR_DEFINITIONS = (
					"DEBUG=1",
					"$(inherited)",
				);
				GCC_WARN_64_TO_32_BIT_CONVERSION = YES;
				GCC_WARN_ABOUT_RETURN_TYPE = YES_ERROR;
				GCC_WARN_UNDECLARED_SELECTOR = YES;
				GCC_WARN_UNINITIALIZED_AUTOS = YES_AGGRESSIVE;
				GCC_WARN_UNUSED_FUNCTION = YES;
				GCC_WARN_UNUSED_VARIABLE = YES;
				IPHONEOS_DEPLOYMENT_TARGET = 11.0;
				MTL_ENABLE_DEBUG_INFO = INCLUDE_SOURCE;
				MTL_FAST_MATH = YES;
				ONLY_ACTIVE_ARCH = YES;
				SDKROOT = iphoneos;
				SWIFT_ACTIVE_COMPILATION_CONDITIONS = DEBUG;
				SWIFT_OPTIMIZATION_LEVEL = "-Onone";
			};
			name = Debug;
		};
		A21A8E43256F027800D0F13C /* Release */ = {
			isa = XCBuildConfiguration;
			buildSettings = {
				ALWAYS_SEARCH_USER_PATHS = NO;
				CLANG_ANALYZER_NONNULL = YES;
				CLANG_ANALYZER_NUMBER_OBJECT_CONVERSION = YES_AGGRESSIVE;
				CLANG_CXX_LANGUAGE_STANDARD = "gnu++14";
				CLANG_CXX_LIBRARY = "libc++";
				CLANG_ENABLE_MODULES = YES;
				CLANG_ENABLE_OBJC_ARC = YES;
				CLANG_ENABLE_OBJC_WEAK = YES;
				CLANG_WARN_BLOCK_CAPTURE_AUTORELEASING = YES;
				CLANG_WARN_BOOL_CONVERSION = YES;
				CLANG_WARN_COMMA = YES;
				CLANG_WARN_CONSTANT_CONVERSION = YES;
				CLANG_WARN_DEPRECATED_OBJC_IMPLEMENTATIONS = YES;
				CLANG_WARN_DIRECT_OBJC_ISA_USAGE = YES_ERROR;
				CLANG_WARN_DOCUMENTATION_COMMENTS = YES;
				CLANG_WARN_EMPTY_BODY = YES;
				CLANG_WARN_ENUM_CONVERSION = YES;
				CLANG_WARN_INFINITE_RECURSION = YES;
				CLANG_WARN_INT_CONVERSION = YES;
				CLANG_WARN_NON_LITERAL_NULL_CONVERSION = YES;
				CLANG_WARN_OBJC_IMPLICIT_RETAIN_SELF = YES;
				CLANG_WARN_OBJC_LITERAL_CONVERSION = YES;
				CLANG_WARN_OBJC_ROOT_CLASS = YES_ERROR;
				CLANG_WARN_QUOTED_INCLUDE_IN_FRAMEWORK_HEADER = YES;
				CLANG_WARN_RANGE_LOOP_ANALYSIS = YES;
				CLANG_WARN_STRICT_PROTOTYPES = YES;
				CLANG_WARN_SUSPICIOUS_MOVE = YES;
				CLANG_WARN_UNGUARDED_AVAILABILITY = YES_AGGRESSIVE;
				CLANG_WARN_UNREACHABLE_CODE = YES;
				CLANG_WARN__DUPLICATE_METHOD_MATCH = YES;
				COPY_PHASE_STRIP = NO;
				DEBUG_INFORMATION_FORMAT = "dwarf-with-dsym";
				ENABLE_NS_ASSERTIONS = NO;
				ENABLE_STRICT_OBJC_MSGSEND = YES;
				GCC_C_LANGUAGE_STANDARD = gnu11;
				GCC_NO_COMMON_BLOCKS = YES;
				GCC_WARN_64_TO_32_BIT_CONVERSION = YES;
				GCC_WARN_ABOUT_RETURN_TYPE = YES_ERROR;
				GCC_WARN_UNDECLARED_SELECTOR = YES;
				GCC_WARN_UNINITIALIZED_AUTOS = YES_AGGRESSIVE;
				GCC_WARN_UNUSED_FUNCTION = YES;
				GCC_WARN_UNUSED_VARIABLE = YES;
				IPHONEOS_DEPLOYMENT_TARGET = 11.0;
				MTL_ENABLE_DEBUG_INFO = NO;
				MTL_FAST_MATH = YES;
				SDKROOT = iphoneos;
				SWIFT_COMPILATION_MODE = wholemodule;
				SWIFT_OPTIMIZATION_LEVEL = "-O";
				VALIDATE_PRODUCT = YES;
			};
			name = Release;
		};
		A21A8E45256F027800D0F13C /* Debug */ = {
			isa = XCBuildConfiguration;
			buildSettings = {
				ASSETCATALOG_COMPILER_APPICON_NAME = AppIcon;
				ASSETCATALOG_COMPILER_GLOBAL_ACCENT_COLOR_NAME = AccentColor;
				CODE_SIGN_STYLE = Automatic;
				DEVELOPMENT_TEAM = GY47Z2W3K9;
				INFOPLIST_FILE = Pikabu/SupportingFiles/Info.plist;
				IPHONEOS_DEPLOYMENT_TARGET = 11.0;
				LD_RUNPATH_SEARCH_PATHS = (
					"$(inherited)",
					"@executable_path/Frameworks",
				);
				PRODUCT_BUNDLE_IDENTIFIER = Bardincom.Pikabu;
				PRODUCT_NAME = "$(TARGET_NAME)";
				SWIFT_VERSION = 5.0;
				TARGETED_DEVICE_FAMILY = "1,2";
			};
			name = Debug;
		};
		A21A8E46256F027800D0F13C /* Release */ = {
			isa = XCBuildConfiguration;
			buildSettings = {
				ASSETCATALOG_COMPILER_APPICON_NAME = AppIcon;
				ASSETCATALOG_COMPILER_GLOBAL_ACCENT_COLOR_NAME = AccentColor;
				CODE_SIGN_STYLE = Automatic;
				DEVELOPMENT_TEAM = GY47Z2W3K9;
				INFOPLIST_FILE = Pikabu/SupportingFiles/Info.plist;
				IPHONEOS_DEPLOYMENT_TARGET = 11.0;
				LD_RUNPATH_SEARCH_PATHS = (
					"$(inherited)",
					"@executable_path/Frameworks",
				);
				PRODUCT_BUNDLE_IDENTIFIER = Bardincom.Pikabu;
				PRODUCT_NAME = "$(TARGET_NAME)";
				SWIFT_VERSION = 5.0;
				TARGETED_DEVICE_FAMILY = "1,2";
			};
			name = Release;
		};
/* End XCBuildConfiguration section */

/* Begin XCConfigurationList section */
		A21A8E2B256F027400D0F13C /* Build configuration list for PBXProject "Pikabu" */ = {
			isa = XCConfigurationList;
			buildConfigurations = (
				A21A8E42256F027800D0F13C /* Debug */,
				A21A8E43256F027800D0F13C /* Release */,
			);
			defaultConfigurationIsVisible = 0;
			defaultConfigurationName = Release;
		};
		A21A8E44256F027800D0F13C /* Build configuration list for PBXNativeTarget "Pikabu" */ = {
			isa = XCConfigurationList;
			buildConfigurations = (
				A21A8E45256F027800D0F13C /* Debug */,
				A21A8E46256F027800D0F13C /* Release */,
			);
			defaultConfigurationIsVisible = 0;
			defaultConfigurationName = Release;
		};
/* End XCConfigurationList section */
	};
	rootObject = A21A8E28256F027300D0F13C /* Project object */;
}
